
Microsoft Visual Studio Solution File, Format Version 12.00
# Visual Studio Version 16
VisualStudioVersion = 16.0.30621.155
MinimumVisualStudioVersion = 10.0.40219.1
Project("{FAE04EC0-301F-11D3-BF4B-00C04F79EFBC}") = "MovieList", "MovieList\MovieList.csproj", "{98CC8CE1-43A7-4C2E-A2D6-BF75FCECCFA9}"
EndProject
Global
	GlobalSection(SolutionConfigurationPlatforms) = preSolution
		Debug|Any CPU = Debug|Any CPU
		Release|Any CPU = Release|Any CPU
	EndGlobalSection
	GlobalSection(ProjectConfigurationPlatforms) = postSolution
		{98CC8CE1-43A7-4C2E-A2D6-BF75FCECCFA9}.Debug|Any CPU.ActiveCfg = Debug|Any CPU
		{98CC8CE1-43A7-4C2E-A2D6-BF75FCECCFA9}.Debug|Any CPU.Build.0 = Debug|Any CPU
		{98CC8CE1-43A7-4C2E-A2D6-BF75FCECCFA9}.Release|Any CPU.ActiveCfg = Release|Any CPU
		{98CC8CE1-43A7-4C2E-A2D6-BF75FCECCFA9}.Release|Any CPU.Build.0 = Release|Any CPU
	EndGlobalSection
	GlobalSection(SolutionProperties) = preSolution
		HideSolutionNode = FALSE
	EndGlobalSection
	GlobalSection(ExtensibilityGlobals) = postSolution
		SolutionGuid = {7A58EF8C-6C60-48ED-998A-807B5C962FD8}
	EndGlobalSection
EndGlobal
